
Microsoft Visual Studio Solution File, Format Version 12.00
# Visual Studio Version 17
VisualStudioVersion = 17.1.32228.430
MinimumVisualStudioVersion = 10.0.40219.1
Project("{8BC9CEB8-8B4A-11D0-8D11-00A0C91BC942}") = "spaceInvaders", "spaceInvaders\spaceInvaders.vcxproj", "{F898CD2E-AD7C-4456-B381-F0E1C58C080F}"
EndProject
Global
	GlobalSection(SolutionConfigurationPlatforms) = preSolution
		Debug|x64 = Debug|x64
		Debug|x86 = Debug|x86
		Release|x64 = Release|x64
		Release|x86 = Release|x86
	EndGlobalSection
	GlobalSection(ProjectConfigurationPlatforms) = postSolution
		{F898CD2E-AD7C-4456-B381-F0E1C58C080F}.Debug|x64.ActiveCfg = Debug|x64
		{F898CD2E-AD7C-4456-B381-F0E1C58C080F}.Debug|x64.Build.0 = Debug|x64
		{F898CD2E-AD7C-4456-B381-F0E1C58C080F}.Debug|x86.ActiveCfg = Debug|Win32
		{F898CD2E-AD7C-4456-B381-F0E1C58C080F}.Debug|x86.Build.0 = Debug|Win32
		{F898CD2E-AD7C-4456-B381-F0E1C58C080F}.Release|x64.ActiveCfg = Release|x64
		{F898CD2E-AD7C-4456-B381-F0E1C58C080F}.Release|x64.Build.0 = Release|x64
		{F898CD2E-AD7C-4456-B381-F0E1C58C080F}.Release|x86.ActiveCfg = Release|Win32
		{F898CD2E-AD7C-4456-B381-F0E1C58C080F}.Release|x86.Build.0 = Release|Win32
	EndGlobalSection
	GlobalSection(SolutionProperties) = preSolution
		HideSolutionNode = FALSE
	EndGlobalSection
	GlobalSection(ExtensibilityGlobals) = postSolution
		SolutionGuid = {E60E0193-9453-4587-9FA8-C8FE87A4B5A8}
	EndGlobalSection
EndGlobal
